<?xml version="1.0" encoding="utf-8"?>
<Project ToolsVersion="4.0" xmlns="http://schemas.microsoft.com/developer/msbuild/2003">
  <ItemGroup>
    <Filter Include="Source Files">
      <UniqueIdentifier>{4FC737F1-C7A5-4376-A066-2A32D752A2FF}</UniqueIdentifier>
      <Extensions>cpp;c;cc;cxx;def;odl;idl;hpj;bat;asm;asmx</Extensions>
    </Filter>
    <Filter Include="Header Files">
      <UniqueIdentifier>{93995380-89BD-4b04-88EB-625FBE52EBFB}</UniqueIdentifier>
      <Extensions>h;hpp;hxx;hm;inl;inc;xsd</Extensions>
    </Filter>
    <Filter Include="Resource Files">
      <UniqueIdentifier>{67DA6AB6-F800-4c08-8B7A-83BB121AAD01}</UniqueIdentifier>
      <Extensions>rc;ico;cur;bmp;dlg;rc2;rct;bin;rgs;gif;jpg;jpeg;jpe;resx;tiff;tif;png;wav;mfcribbon-ms</Extensions>
    </Filter>
  </ItemGroup>
  <ItemGroup>
    <ClInclude Include="include\ball.h">
      <Filter>Header Files</Filter>
    </ClInclude>
    <ClInclude Include="include\body.h">
      <Filter>Header Files</Filter>
    </ClInclude>
    <ClInclude Include="include\bumper.h">
      <Filter>Header Files</Filter>
    </ClInclude>
    <ClInclude Include="include\CirclePhys.h">
      <Filter>Header Files</Filter>
    </ClInclude>
    <ClInclude Include="include\config.h">
      <Filter>Header Files</Filter>
    </ClInclude>
    <ClInclude Include="include\manifold.h">
      <Filter>Header Files</Filter>
    </ClInclude>
    <ClInclude Include="include\obb.h">
      <Filter>Header Files</Filter>
    </ClInclude>
    <ClInclude Include="include\obbPhys.h">
      <Filter>Header Files</Filter>
    </ClInclude>
    <ClInclude Include="include\paddle.h">
      <Filter>Header Files</Filter>
    </ClInclude>
    <ClInclude Include="include\PhysicsShape.h">
      <Filter>Header Files</Filter>
    </ClInclude>
    <ClInclude Include="include\Randomiser.h">
      <Filter>Header Files</Filter>
    </ClInclude>
    <ClInclude Include="include\rect.h">
      <Filter>Header Files</Filter>
    </ClInclude>
    <ClInclude Include="include\rectangleBumper.h">
      <Filter>Header Files</Filter>
    </ClInclude>
    <ClInclude Include="include\rectPhys.h">
      <Filter>Header Files</Filter>
    </ClInclude>
    <ClInclude Include="include\rotationMat.h">
      <Filter>Header Files</Filter>
    </ClInclude>
    <ClInclude Include="include\roundBumper.h">
      <Filter>Header Files</Filter>
    </ClInclude>
    <ClInclude Include="include\TextureManager.h">
      <Filter>Header Files</Filter>
    </ClInclude>
    <ClInclude Include="include\Vector2D.h">
      <Filter>Header Files</Filter>
    </ClInclude>
  </ItemGroup>
  <ItemGroup>
    <ClCompile Include="src\ball.cpp">
      <Filter>Source Files</Filter>
    </ClCompile>
    <ClCompile Include="src\body.cpp">
      <Filter>Source Files</Filter>
    </ClCompile>
    <ClCompile Include="src\bumper.cpp">
      <Filter>Source Files</Filter>
    </ClCompile>
    <ClCompile Include="src\CirclePhys.cpp">
      <Filter>Source Files</Filter>
    </ClCompile>
    <ClCompile Include="src\main.cpp">
      <Filter>Source Files</Filter>
    </ClCompile>
    <ClCompile Include="src\manifold.cpp">
      <Filter>Source Files</Filter>
    </ClCompile>
    <ClCompile Include="src\obb.cpp">
      <Filter>Source Files</Filter>
    </ClCompile>
    <ClCompile Include="src\obbPhys.cpp">
      <Filter>Source Files</Filter>
    </ClCompile>
    <ClCompile Include="src\paddle.cpp">
      <Filter>Source Files</Filter>
    </ClCompile>
    <ClCompile Include="src\PhysicsShape.cpp">
      <Filter>Source Files</Filter>
    </ClCompile>
    <ClCompile Include="src\Randomiser.cpp">
      <Filter>Source Files</Filter>
    </ClCompile>
    <ClCompile Include="src\rect.cpp">
      <Filter>Source Files</Filter>
    </ClCompile>
    <ClCompile Include="src\rectangleBumper.cpp">
      <Filter>Source Files</Filter>
    </ClCompile>
    <ClCompile Include="src\rectPhys.cpp">
      <Filter>Source Files</Filter>
    </ClCompile>
    <ClCompile Include="src\rotationMat.cpp">
      <Filter>Source Files</Filter>
    </ClCompile>
    <ClCompile Include="src\roundBumper.cpp">
      <Filter>Source Files</Filter>
    </ClCompile>
    <ClCompile Include="src\TextureManager.cpp">
      <Filter>Source Files</Filter>
    </ClCompile>
    <ClCompile Include="src\Vector2D.cpp">
      <Filter>Source Files</Filter>
    </ClCompile>
  </ItemGroup>
  <ItemGroup>
    <Image Include="BackgroundGame.png">
      <Filter>Resource Files</Filter>
    </Image>
  </ItemGroup>
  <ItemGroup>
    <Font Include="BebasNeue Regular.otf">
      <Filter>Resource Files</Filter>
    </Font>
  </ItemGroup>
</Project>